
Microsoft Visual Studio Solution File, Format Version 12.00
# Visual Studio Version 16
VisualStudioVersion = 16.0.31729.503
MinimumVisualStudioVersion = 10.0.40219.1
Project("{FAE04EC0-301F-11D3-BF4B-00C04F79EFBC}") = "demoapp", "demoapp\demoapp.csproj", "{83FFBEC7-1D3A-4A27-ACD3-ECD536819804}"
EndProject
Global
	GlobalSection(SolutionConfigurationPlatforms) = preSolution
		Debug|Any CPU = Debug|Any CPU
		Release|Any CPU = Release|Any CPU
	EndGlobalSection
	GlobalSection(ProjectConfigurationPlatforms) = postSolution
		{83FFBEC7-1D3A-4A27-ACD3-ECD536819804}.Debug|Any CPU.ActiveCfg = Debug|Any CPU
		{83FFBEC7-1D3A-4A27-ACD3-ECD536819804}.Debug|Any CPU.Build.0 = Debug|Any CPU
		{83FFBEC7-1D3A-4A27-ACD3-ECD536819804}.Release|Any CPU.ActiveCfg = Release|Any CPU
		{83FFBEC7-1D3A-4A27-ACD3-ECD536819804}.Release|Any CPU.Build.0 = Release|Any CPU
	EndGlobalSection
	GlobalSection(SolutionProperties) = preSolution
		HideSolutionNode = FALSE
	EndGlobalSection
	GlobalSection(ExtensibilityGlobals) = postSolution
		SolutionGuid = {38140B06-AB56-4299-ADA1-089F303EB55E}
	EndGlobalSection
EndGlobal
